
Microsoft Visual Studio Solution File, Format Version 12.00
# Visual Studio Version 16
VisualStudioVersion = 16.0.31624.102
MinimumVisualStudioVersion = 10.0.40219.1
Project("{FAE04EC0-301F-11D3-BF4B-00C04F79EFBC}") = "u21447234_HW3", "u21447234_HW3\u21447234_HW3.csproj", "{8F20D32A-D616-41BD-8C8B-920034153560}"
EndProject
Global
	GlobalSection(SolutionConfigurationPlatforms) = preSolution
		Debug|Any CPU = Debug|Any CPU
		Release|Any CPU = Release|Any CPU
	EndGlobalSection
	GlobalSection(ProjectConfigurationPlatforms) = postSolution
		{8F20D32A-D616-41BD-8C8B-920034153560}.Debug|Any CPU.ActiveCfg = Debug|Any CPU
		{8F20D32A-D616-41BD-8C8B-920034153560}.Debug|Any CPU.Build.0 = Debug|Any CPU
		{8F20D32A-D616-41BD-8C8B-920034153560}.Release|Any CPU.ActiveCfg = Release|Any CPU
		{8F20D32A-D616-41BD-8C8B-920034153560}.Release|Any CPU.Build.0 = Release|Any CPU
	EndGlobalSection
	GlobalSection(SolutionProperties) = preSolution
		HideSolutionNode = FALSE
	EndGlobalSection
	GlobalSection(ExtensibilityGlobals) = postSolution
		SolutionGuid = {C0C639EA-3D84-4ED9-BBE1-0065429907A3}
	EndGlobalSection
EndGlobal
